
Microsoft Visual Studio Solution File, Format Version 12.00
# Visual Studio Version 17
VisualStudioVersion = 17.6.33829.357
MinimumVisualStudioVersion = 10.0.40219.1
Project("{FAE04EC0-301F-11D3-BF4B-00C04F79EFBC}") = "MvcCrudWithAdo", "MvcCrudWithAdo.csproj", "{3531620A-90A3-41DF-A025-BBFC9825F622}"
EndProject
Global
	GlobalSection(SolutionConfigurationPlatforms) = preSolution
		Debug|Any CPU = Debug|Any CPU
		Release|Any CPU = Release|Any CPU
	EndGlobalSection
	GlobalSection(ProjectConfigurationPlatforms) = postSolution
		{3531620A-90A3-41DF-A025-BBFC9825F622}.Debug|Any CPU.ActiveCfg = Debug|Any CPU
		{3531620A-90A3-41DF-A025-BBFC9825F622}.Debug|Any CPU.Build.0 = Debug|Any CPU
		{3531620A-90A3-41DF-A025-BBFC9825F622}.Release|Any CPU.ActiveCfg = Release|Any CPU
		{3531620A-90A3-41DF-A025-BBFC9825F622}.Release|Any CPU.Build.0 = Release|Any CPU
	EndGlobalSection
	GlobalSection(SolutionProperties) = preSolution
		HideSolutionNode = FALSE
	EndGlobalSection
	GlobalSection(ExtensibilityGlobals) = postSolution
		SolutionGuid = {EA37D306-983C-4F7D-8E28-C7210A7CE266}
	EndGlobalSection
EndGlobal
